
Microsoft Visual Studio Solution File, Format Version 12.00
# Visual Studio Version 17
VisualStudioVersion = 17.9.34607.119
MinimumVisualStudioVersion = 10.0.40219.1
Project("{FAE04EC0-301F-11D3-BF4B-00C04F79EFBC}") = "band_manager", "band_manager\band_manager.csproj", "{338F35C2-62C2-47C5-9F09-D57FA6F71EA1}"
EndProject
Global
	GlobalSection(SolutionConfigurationPlatforms) = preSolution
		Debug|Any CPU = Debug|Any CPU
		Release|Any CPU = Release|Any CPU
	EndGlobalSection
	GlobalSection(ProjectConfigurationPlatforms) = postSolution
		{338F35C2-62C2-47C5-9F09-D57FA6F71EA1}.Debug|Any CPU.ActiveCfg = Debug|Any CPU
		{338F35C2-62C2-47C5-9F09-D57FA6F71EA1}.Debug|Any CPU.Build.0 = Debug|Any CPU
		{338F35C2-62C2-47C5-9F09-D57FA6F71EA1}.Release|Any CPU.ActiveCfg = Release|Any CPU
		{338F35C2-62C2-47C5-9F09-D57FA6F71EA1}.Release|Any CPU.Build.0 = Release|Any CPU
	EndGlobalSection
	GlobalSection(SolutionProperties) = preSolution
		HideSolutionNode = FALSE
	EndGlobalSection
	GlobalSection(ExtensibilityGlobals) = postSolution
		SolutionGuid = {CAD48404-3551-4A73-8ACA-6118E6DB14B3}
	EndGlobalSection
EndGlobal
